<?xml version="1.0" encoding="utf-8"?>
<Project ToolsVersion="4.0" xmlns="http://schemas.microsoft.com/developer/msbuild/2003">
  <ItemGroup>
    <Filter Include="Source Files">
      <UniqueIdentifier>{4FC737F1-C7A5-4376-A066-2A32D752A2FF}</UniqueIdentifier>
      <Extensions>cpp;c;cc;cxx;c++;cppm;ixx;def;odl;idl;hpj;bat;asm;asmx</Extensions>
    </Filter>
    <Filter Include="Header Files">
      <UniqueIdentifier>{93995380-89BD-4b04-88EB-625FBE52EBFB}</UniqueIdentifier>
      <Extensions>h;hh;hpp;hxx;h++;hm;inl;inc;ipp;xsd</Extensions>
    </Filter>
    <Filter Include="Resource Files">
      <UniqueIdentifier>{67DA6AB6-F800-4c08-8B7A-83BB121AAD01}</UniqueIdentifier>
      <Extensions>rc;ico;cur;bmp;dlg;rc2;rct;bin;rgs;gif;jpg;jpeg;jpe;resx;tiff;tif;png;wav;mfcribbon-ms</Extensions>
    </Filter>
  </ItemGroup>
  <ItemGroup>
    <ClCompile Include="PrimulCod.cpp">
      <Filter>Source Files</Filter>
    </ClCompile>
    <ClCompile Include="M3_1_1_DefinireSimboluri.cpp">
      <Filter>Source Files</Filter>
    </ClCompile>
    <ClCompile Include="M3_1_2_Macrodefinitii.cpp">
      <Filter>Source Files</Filter>
    </ClCompile>
    <ClCompile Include="M3_1_3_Enumerare.cpp">
      <Filter>Source Files</Filter>
    </ClCompile>
    <ClCompile Include="M3_1_4_TipuriDeDate.cpp">
      <Filter>Source Files</Filter>
    </ClCompile>
    <ClCompile Include="Functii.h">
      <Filter>Source Files</Filter>
    </ClCompile>
    <ClCompile Include="M3_2_1_UtilizarePointeri.cpp">
      <Filter>Source Files</Filter>
    </ClCompile>
    <ClCompile Include="M3_2_2_PointerLaPointer.cpp">
      <Filter>Source Files</Filter>
    </ClCompile>
    <ClCompile Include="M3_2_3_AritmeticaPointerilor.cpp">
      <Filter>Source Files</Filter>
    </ClCompile>
    <ClCompile Include="M3_2_4_PointerLaFunctii.cpp">
      <Filter>Source Files</Filter>
    </ClCompile>
    <ClCompile Include="M3_2_5_Referinte.cpp">
      <Filter>Source Files</Filter>
    </ClCompile>
    <ClCompile Include="M3_2_6_Polimorfism.cpp">
      <Filter>Source Files</Filter>
    </ClCompile>
    <ClCompile Include="M3_2_7_TransferParametri.cpp">
      <Filter>Source Files</Filter>
    </ClCompile>
    <ClCompile Include="CodSursa4Martie.cpp">
      <Filter>Source Files</Filter>
    </ClCompile>
    <ClCompile Include="M3_3_1_DefinireClasa.cpp">
      <Filter>Source Files</Filter>
    </ClCompile>
    <ClCompile Include="M3_3_2_ClasaLaptop.cpp">
      <Filter>Source Files</Filter>
    </ClCompile>
    <ClCompile Include="M3_4_1_ShallowCopy.cpp">
      <Filter>Source Files</Filter>
    </ClCompile>
    <ClCompile Include="M3_4_2_ClasaLaptop.cpp">
      <Filter>Source Files</Filter>
    </ClCompile>
    <ClCompile Include="M3_6_1_Operatori.cpp">
      <Filter>Source Files</Filter>
    </ClCompile>
    <ClCompile Include="ProiectCalatorii.cpp">
      <Filter>Source Files</Filter>
    </ClCompile>
    <ClCompile Include="M3_7_1_OuterClass.cpp">
      <Filter>Source Files</Filter>
    </ClCompile>
    <ClCompile Include="M3_7_2_RelatieHas_A.cpp">
      <Filter>Source Files</Filter>
    </ClCompile>
    <ClCompile Include="M3_7_3_Exceptii.cpp">
      <Filter>Source Files</Filter>
    </ClCompile>
    <ClCompile Include="M3_8_1_Mostenire.cpp">
      <Filter>Source Files</Filter>
    </ClCompile>
    <ClCompile Include="IonutMarcu.cpp">
      <Filter>Source Files</Filter>
    </ClCompile>
    <ClCompile Include="M3_9_1_FunctiiVirtuale.cpp">
      <Filter>Source Files</Filter>
    </ClCompile>
    <ClCompile Include="M3_9_2_FunctiiVirtualeIerarhie.cpp">
      <Filter>Source Files</Filter>
    </ClCompile>
    <ClCompile Include="M3_9_3_FunctiiVirtualePure.cpp">
      <Filter>Source Files</Filter>
    </ClCompile>
    <ClCompile Include="M3_9_4_EroareClasaAbstracta.cpp">
      <Filter>Source Files</Filter>
    </ClCompile>
    <ClCompile Include="M3_9_5_ConstructorClasaAbstracta.cpp">
      <Filter>Source Files</Filter>
    </ClCompile>
    <ClCompile Include="M3_9_6_DestructorVirtual.cpp">
      <Filter>Source Files</Filter>
    </ClCompile>
    <ClCompile Include="ExempluSimplu.cpp">
      <Filter>Source Files</Filter>
    </ClCompile>
  </ItemGroup>
</Project>